{
  "version": 4,
  "terraform_version": "0.14.4",
  "serial": 12,
  "lineage": "244f307f-92b1-1027-13a7-38630c13ced6",
  "outputs": {},
  "resources": [
    {
      "module": "module.cluster-1",
      "mode": "managed",
      "type": "google_container_cluster",
      "name": "cluster",
      "provider": "provider[\"registry.terraform.io/hashicorp/google-beta\"]",
      "instances": [
        {
          "schema_version": 1,
          "attributes": {
            "addons_config": [
              {
                "cloudrun_config": [
                  {
                    "disabled": true,
                    "load_balancer_type": ""
                  }
                ],
                "config_connector_config": [],
                "dns_cache_config": [
                  {
                    "enabled": false
                  }
                ],
                "gce_persistent_disk_csi_driver_config": [
                  {
                    "enabled": false
                  }
                ],
                "horizontal_pod_autoscaling": [
                  {
                    "disabled": false
                  }
                ],
                "http_load_balancing": [
                  {
                    "disabled": false
                  }
                ],
                "istio_config": [
                  {
                    "auth": "",
                    "disabled": true
                  }
                ],
                "kalm_config": [],
                "network_policy_config": [
                  {
                    "disabled": true
                  }
                ]
              }
            ],
            "authenticator_groups_config": [],
            "cluster_autoscaling": [
              {
                "auto_provisioning_defaults": [],
                "autoscaling_profile": "BALANCED",
                "enabled": false,
                "resource_limits": []
              }
            ],
            "cluster_ipv4_cidr": "172.16.0.0/20",
            "cluster_telemetry": [
              {
                "type": "ENABLED"
              }
            ],
            "confidential_nodes": [],
            "database_encryption": [
              {
                "key_name": "",
                "state": "DECRYPTED"
              }
            ],
            "datapath_provider": "",
            "default_max_pods_per_node": 110,
            "default_snat_status": [
              {
                "disabled": false
              }
            ],
            "description": "",
            "enable_autopilot": false,
            "enable_binary_authorization": false,
            "enable_intranode_visibility": false,
            "enable_kubernetes_alpha": false,
            "enable_l4_ilb_subsetting": false,
            "enable_legacy_abac": false,
            "enable_shielded_nodes": false,
            "enable_tpu": false,
            "endpoint": "10.255.255.242",
            "id": "projects/master-project-professor/locations/us-central1/clusters/money-heist-cluster",
            "initial_node_count": 1,
            "instance_group_urls": [
              "https://www.googleapis.com/compute/beta/projects/master-project-professor/zones/us-central1-a/instanceGroups/gke-money-heist-clus-royal-mint-node--140f8cf8-grp",
              "https://www.googleapis.com/compute/beta/projects/master-project-professor/zones/us-central1-c/instanceGroups/gke-money-heist-clus-royal-mint-node--817de12b-grp",
              "https://www.googleapis.com/compute/beta/projects/master-project-professor/zones/us-central1-f/instanceGroups/gke-money-heist-clus-royal-mint-node--4ec4c189-grp"
            ],
            "ip_allocation_policy": [
              {
                "cluster_ipv4_cidr_block": "172.16.0.0/20",
                "cluster_secondary_range_name": "pods",
                "services_ipv4_cidr_block": "192.168.0.0/24",
                "services_secondary_range_name": "services"
              }
            ],
            "label_fingerprint": "8d68df08",
            "location": "us-central1",
            "logging_service": "logging.googleapis.com/kubernetes",
            "maintenance_policy": [
              {
                "daily_maintenance_window": [
                  {
                    "duration": "PT4H0M0S",
                    "start_time": "03:00"
                  }
                ],
                "maintenance_exclusion": [],
                "recurring_window": []
              }
            ],
            "master_auth": [
              {
                "client_certificate": "",
                "client_certificate_config": [
                  {
                    "issue_client_certificate": false
                  }
                ],
                "client_key": "",
                "cluster_ca_certificate": "LS0tLS1CRUdJTiBDRVJUSUZJQ0FURS0tLS0tCk1JSUVMVENDQXBXZ0F3SUJBZ0lSQU5XRC9EblIwSHdlT2V1aFAwbFFBUjh3RFFZSktvWklodmNOQVFFTEJRQXcKTHpFdE1Dc0dBMVVFQXhNa01UYzJNV1JrTTJRdFpqWXpaQzAwTmpGa0xUaGtOVFl0WldZeU1ESTJNMkl4TURjMApNQ0FYRFRJeE1Ea3hOREF5TlRNeU1Gb1lEekl3TlRFd09UQTNNRE0xTXpJd1dqQXZNUzB3S3dZRFZRUURFeVF4Ck56WXhaR1F6WkMxbU5qTmtMVFEyTVdRdE9HUTFOaTFsWmpJd01qWXpZakV3TnpRd2dnR2lNQTBHQ1NxR1NJYjMKRFFFQkFRVUFBNElCandBd2dnR0tBb0lCZ1FDbFFBYjJacHA1ekxmK1FQaEZzZ3JVMHYwVi9ab2VPLzJYZHhCYwpleE9LTXFSaUlNQ28wRCtubk81anJLdFpCRThCVGJMTmliemw1cGNPY29nbkxaM0FyeUgyRUVlSnc2Rm5DbUxsCjFUOW9rV0JMZjFScG00enBXZ3pLVzF6MzRLWjVieVJVTlRpcm1yN3hJOEdOeXVwanBFVllqbGNMak9FcDFoN3AKTzUzU1ZUSmk3WjBOQ2Z1WVFBeXdSdkZZMW5LN1h4WXRRK0dpc3F2b0hReDcvMjVGZ1Q0STZwK3NONGNRNXpKdQozTUtxaUVpaTBvTXhMUkVHaDN1UW1HdUtnQkkxNHh6Nk1EZEV3Lzd3RjFNbnplUktkZGwvb0xHSU5LSmh0ckZGCk1HZGVJZDZkczBsVzNqbmpacnlzZTkyMDgyaWl6NDJEVjV0MUExYlRvTTZjR25jdTFSbjdTWFVtUHFTN2FvVmsKN2RESU84dDhjT2s2WW45MUJ2emZhNGZNRlZkNnBXY3NlY2tpUmoxZ1dIVjdEQ0FzazRDUE5BTklRUmlZSUVOTwpHcjRsZDRNMUJ0NGJJdUR1cWRBN2IxbmlObUVERVJFZmlJck1XdzJObGhGS3hrWm9mdExYT0xlaC82UmJpa0ptCmVMSUkvWUEvM3FsUEpDbnVlcW1YdGhjNXVGTUNBd0VBQWFOQ01FQXdEZ1lEVlIwUEFRSC9CQVFEQWdJRU1BOEcKQTFVZEV3RUIvd1FGTUFNQkFmOHdIUVlEVlIwT0JCWUVGQjZ5aGJmbkhGdTREK1dXSUN2UlRBWmVWVlhSTUEwRwpDU3FHU0liM0RRRUJDd1VBQTRJQmdRQS92dHJBUVR3YkhvcHZiZzJkR05heWljTkdjS1JoR0VPMjlxdHJGQ0d6CkMwVFo5eERLbXhHdEJZa3dRTVRtTk1ocXorRStLZXp1VDNVcUtyc2REWFpMYTJiK3hNM0syY29uVGQ0dGZlN3EKVjJUVlB3MndNYnlma2FaQ2tPaGdTbGVvSnJBaGJKSGpmZ2pUUnBuZEFqN0dlRGF6WWNLUEdDZlNwTzVQcnJNdgp0RVlTRjdHYjVkS3NSZzd5MkhIc21YVGJ2ME5Kakk3UnZVL0FpTVQxZUl1R2Y2THRLL2owaS9IdTFSVngrWkZECmZXNGhxNDZYYUlrenhhNlo4KzVFREtjZXN3TmhaZGVHSzdpelhrU0JKdnBIajc3K3liWXROcE9IcmdzWjhjekkKWEFtR0JiR2NIeXE5c0drNGFrTkZNU1I4c3IwaDltTmlrL1RKTlZ2eHA3R1c4VTBTZUlHdDhxVjFOUjJQaTdTUAp4dTJ0WlkxK2NVbUR1ZnJSclBxRFdJOHhHWmRHam90bHdzZStxazZBdzFMWnhYQUN6L1pzVDM4T2RMWmZDVjhvCnNKaHhYS1VhTkg0dkRJOWFnVXpoOHVRT3M1TDJuaUxNUXpJOUg5dXNRemdLM2g2Um5IcXRKRmlhcUdrVzREV3QKWGdJRXdWOFJ2RnZHQXVpVnBzZDE0ZFE9Ci0tLS0tRU5EIENFUlRJRklDQVRFLS0tLS0K",
                "password": "",
                "username": ""
              }
            ],
            "master_authorized_networks_config": [
              {
                "cidr_blocks": [
                  {
                    "cidr_block": "10.0.0.0/8",
                    "display_name": "internal-vms"
                  }
                ]
              }
            ],
            "master_version": "1.20.9-gke.701",
            "min_master_version": null,
            "monitoring_service": "monitoring.googleapis.com/kubernetes",
            "name": "money-heist-cluster",
            "network": "projects/master-project-professor/global/networks/money-heist-network",
            "network_policy": [
              {
                "enabled": false,
                "provider": "PROVIDER_UNSPECIFIED"
              }
            ],
            "networking_mode": "VPC_NATIVE",
            "node_config": [
              {
                "boot_disk_kms_key": "",
                "disk_size_gb": 100,
                "disk_type": "pd-standard",
                "ephemeral_storage_config": [],
                "guest_accelerator": [],
                "image_type": "COS_CONTAINERD",
                "kubelet_config": [],
                "labels": {},
                "linux_node_config": [],
                "local_ssd_count": 0,
                "machine_type": "n1-standard-1",
                "metadata": {
                  "disable-legacy-endpoints": "true"
                },
                "min_cpu_platform": "",
                "oauth_scopes": [
                  "https://www.googleapis.com/auth/devstorage.read_only",
                  "https://www.googleapis.com/auth/logging.write",
                  "https://www.googleapis.com/auth/monitoring",
                  "https://www.googleapis.com/auth/monitoring.write"
                ],
                "preemptible": false,
                "sandbox_config": [],
                "service_account": "default",
                "shielded_instance_config": [
                  {
                    "enable_integrity_monitoring": true,
                    "enable_secure_boot": false
                  }
                ],
                "tags": [],
                "taint": [],
                "workload_metadata_config": [
                  {
                    "node_metadata": "GKE_METADATA_SERVER"
                  }
                ]
              }
            ],
            "node_locations": [
              "us-central1-a",
              "us-central1-c",
              "us-central1-f"
            ],
            "node_pool": [
              {
                "autoscaling": [],
                "initial_node_count": 1,
                "instance_group_urls": [
                  "https://www.googleapis.com/compute/v1/projects/master-project-professor/zones/us-central1-a/instanceGroupManagers/gke-money-heist-clus-royal-mint-node--140f8cf8-grp",
                  "https://www.googleapis.com/compute/v1/projects/master-project-professor/zones/us-central1-c/instanceGroupManagers/gke-money-heist-clus-royal-mint-node--817de12b-grp",
                  "https://www.googleapis.com/compute/v1/projects/master-project-professor/zones/us-central1-f/instanceGroupManagers/gke-money-heist-clus-royal-mint-node--4ec4c189-grp"
                ],
                "management": [
                  {
                    "auto_repair": true,
                    "auto_upgrade": true
                  }
                ],
                "max_pods_per_node": 110,
                "name": "royal-mint-node-pool",
                "name_prefix": "",
                "network_config": [
                  {
                    "create_pod_range": false,
                    "pod_ipv4_cidr_block": "172.16.0.0/20",
                    "pod_range": "pods"
                  }
                ],
                "node_config": [
                  {
                    "boot_disk_kms_key": "",
                    "disk_size_gb": 100,
                    "disk_type": "pd-standard",
                    "ephemeral_storage_config": [],
                    "guest_accelerator": [],
                    "image_type": "COS_CONTAINERD",
                    "kubelet_config": [],
                    "labels": {},
                    "linux_node_config": [],
                    "local_ssd_count": 0,
                    "machine_type": "n1-standard-1",
                    "metadata": {
                      "disable-legacy-endpoints": "true"
                    },
                    "min_cpu_platform": "",
                    "oauth_scopes": [
                      "https://www.googleapis.com/auth/devstorage.read_only",
                      "https://www.googleapis.com/auth/logging.write",
                      "https://www.googleapis.com/auth/monitoring",
                      "https://www.googleapis.com/auth/monitoring.write"
                    ],
                    "preemptible": false,
                    "sandbox_config": [],
                    "service_account": "default",
                    "shielded_instance_config": [
                      {
                        "enable_integrity_monitoring": true,
                        "enable_secure_boot": false
                      }
                    ],
                    "tags": [],
                    "taint": [],
                    "workload_metadata_config": [
                      {
                        "node_metadata": "GKE_METADATA_SERVER"
                      }
                    ]
                  }
                ],
                "node_count": 1,
                "node_locations": [
                  "us-central1-a",
                  "us-central1-c",
                  "us-central1-f"
                ],
                "upgrade_settings": [
                  {
                    "max_surge": 1,
                    "max_unavailable": 0
                  }
                ],
                "version": "1.20.9-gke.701"
              }
            ],
            "node_version": "1.20.9-gke.701",
            "notification_config": [
              {
                "pubsub": [
                  {
                    "enabled": false,
                    "topic": ""
                  }
                ]
              }
            ],
            "operation": null,
            "pod_security_policy_config": [
              {
                "enabled": false
              }
            ],
            "private_cluster_config": [
              {
                "enable_private_endpoint": true,
                "enable_private_nodes": true,
                "master_global_access_config": [
                  {
                    "enabled": false
                  }
                ],
                "master_ipv4_cidr_block": "10.255.255.240/28",
                "peering_name": "gke-n7306a0660fa36b491db-5eb3-d6cc-peer",
                "private_endpoint": "10.255.255.242",
                "public_endpoint": "34.121.61.115"
              }
            ],
            "private_ipv6_google_access": "",
            "project": "master-project-professor",
            "release_channel": [
              {
                "channel": "REGULAR"
              }
            ],
            "remove_default_node_pool": true,
            "resource_labels": {
              "environment": "heist"
            },
            "resource_usage_export_config": [],
            "self_link": "https://container.googleapis.com/v1beta1/projects/master-project-professor/locations/us-central1/clusters/money-heist-cluster",
            "services_ipv4_cidr": "192.168.0.0/24",
            "subnetwork": "projects/master-project-professor/regions/us-central1/subnetworks/royal-mint",
            "timeouts": null,
            "tpu_ipv4_cidr_block": "",
            "vertical_pod_autoscaling": [],
            "workload_identity_config": [
              {
                "identity_namespace": "master-project-professor.svc.id.goog"
              }
            ]
          },
          "sensitive_attributes": [],
          "private": "eyJlMmJmYjczMC1lY2FhLTExZTYtOGY4OC0zNDM2M2JjN2M0YzAiOnsiY3JlYXRlIjoyNDAwMDAwMDAwMDAwLCJkZWxldGUiOjI0MDAwMDAwMDAwMDAsInJlYWQiOjI0MDAwMDAwMDAwMDAsInVwZGF0ZSI6MzYwMDAwMDAwMDAwMH0sInNjaGVtYV92ZXJzaW9uIjoiMSJ9"
        }
      ]
    },
    {
      "module": "module.cluster-1-nodepool-1",
      "mode": "managed",
      "type": "google_container_node_pool",
      "name": "nodepool",
      "provider": "provider[\"registry.terraform.io/hashicorp/google-beta\"]",
      "instances": [
        {
          "schema_version": 1,
          "attributes": {
            "autoscaling": [],
            "cluster": "money-heist-cluster",
            "id": "projects/master-project-professor/locations/us-central1/clusters/money-heist-cluster/nodePools/royal-mint-node-pool",
            "initial_node_count": 1,
            "instance_group_urls": [
              "https://www.googleapis.com/compute/v1/projects/master-project-professor/zones/us-central1-a/instanceGroupManagers/gke-money-heist-clus-royal-mint-node--140f8cf8-grp",
              "https://www.googleapis.com/compute/v1/projects/master-project-professor/zones/us-central1-c/instanceGroupManagers/gke-money-heist-clus-royal-mint-node--817de12b-grp",
              "https://www.googleapis.com/compute/v1/projects/master-project-professor/zones/us-central1-f/instanceGroupManagers/gke-money-heist-clus-royal-mint-node--4ec4c189-grp"
            ],
            "location": "us-central1",
            "management": [
              {
                "auto_repair": true,
                "auto_upgrade": true
              }
            ],
            "max_pods_per_node": 110,
            "name": "royal-mint-node-pool",
            "name_prefix": "",
            "network_config": [
              {
                "create_pod_range": false,
                "pod_ipv4_cidr_block": "172.16.0.0/20",
                "pod_range": "pods"
              }
            ],
            "node_config": [
              {
                "boot_disk_kms_key": "",
                "disk_size_gb": 100,
                "disk_type": "pd-standard",
                "ephemeral_storage_config": [],
                "guest_accelerator": [],
                "image_type": "COS_CONTAINERD",
                "kubelet_config": [],
                "labels": {},
                "linux_node_config": [],
                "local_ssd_count": 0,
                "machine_type": "n1-standard-1",
                "metadata": {
                  "disable-legacy-endpoints": "true"
                },
                "min_cpu_platform": "",
                "oauth_scopes": [
                  "https://www.googleapis.com/auth/devstorage.read_only",
                  "https://www.googleapis.com/auth/logging.write",
                  "https://www.googleapis.com/auth/monitoring",
                  "https://www.googleapis.com/auth/monitoring.write"
                ],
                "preemptible": false,
                "sandbox_config": [],
                "service_account": "default",
                "shielded_instance_config": [
                  {
                    "enable_integrity_monitoring": true,
                    "enable_secure_boot": false
                  }
                ],
                "tags": [],
                "taint": [],
                "workload_metadata_config": [
                  {
                    "node_metadata": "GKE_METADATA_SERVER"
                  }
                ]
              }
            ],
            "node_count": 1,
            "node_locations": [
              "us-central1-a",
              "us-central1-c",
              "us-central1-f"
            ],
            "operation": null,
            "project": "master-project-professor",
            "timeouts": null,
            "upgrade_settings": [
              {
                "max_surge": 1,
                "max_unavailable": 0
              }
            ],
            "version": "1.20.9-gke.701"
          },
          "sensitive_attributes": [],
          "private": "eyJlMmJmYjczMC1lY2FhLTExZTYtOGY4OC0zNDM2M2JjN2M0YzAiOnsiY3JlYXRlIjoxODAwMDAwMDAwMDAwLCJkZWxldGUiOjE4MDAwMDAwMDAwMDAsInVwZGF0ZSI6MTgwMDAwMDAwMDAwMH0sInNjaGVtYV92ZXJzaW9uIjoiMSJ9",
          "dependencies": [
            "module.cluster-1-nodepool-1.google_service_account.service_account"
          ]
        }
      ]
    },
    {
      "module": "module.vpc",
      "mode": "managed",
      "type": "google_compute_network",
      "name": "network",
      "provider": "provider[\"registry.terraform.io/hashicorp/google\"]",
      "instances": [
        {
          "index_key": 0,
          "schema_version": 0,
          "attributes": {
            "auto_create_subnetworks": false,
            "delete_default_routes_on_create": false,
            "description": "Terraform-managed.",
            "gateway_ipv4": "",
            "id": "projects/master-project-professor/global/networks/money-heist-network",
            "mtu": 0,
            "name": "money-heist-network",
            "project": "master-project-professor",
            "routing_mode": "GLOBAL",
            "self_link": "https://www.googleapis.com/compute/v1/projects/master-project-professor/global/networks/money-heist-network",
            "timeouts": null
          },
          "sensitive_attributes": [],
          "private": "eyJlMmJmYjczMC1lY2FhLTExZTYtOGY4OC0zNDM2M2JjN2M0YzAiOnsiY3JlYXRlIjoyNDAwMDAwMDAwMDAsImRlbGV0ZSI6MjQwMDAwMDAwMDAwLCJ1cGRhdGUiOjI0MDAwMDAwMDAwMH19"
        }
      ]
    },
    {
      "module": "module.vpc",
      "mode": "managed",
      "type": "google_compute_subnetwork",
      "name": "subnetwork",
      "provider": "provider[\"registry.terraform.io/hashicorp/google\"]",
      "instances": [
        {
          "index_key": "us-central1/royal-mint",
          "schema_version": 0,
          "attributes": {
            "creation_timestamp": "2021-09-13T20:34:27.508-07:00",
            "description": "Terraform-managed.",
            "fingerprint": null,
            "gateway_address": "10.0.0.1",
            "id": "projects/master-project-professor/regions/us-central1/subnetworks/royal-mint",
            "ip_cidr_range": "10.0.0.0/24",
            "log_config": [],
            "name": "royal-mint",
            "network": "https://www.googleapis.com/compute/v1/projects/master-project-professor/global/networks/money-heist-network",
            "private_ip_google_access": true,
            "private_ipv6_google_access": "DISABLE_GOOGLE_ACCESS",
            "project": "master-project-professor",
            "purpose": "PRIVATE",
            "region": "us-central1",
            "role": "",
            "secondary_ip_range": [
              {
                "ip_cidr_range": "172.16.0.0/20",
                "range_name": "pods"
              },
              {
                "ip_cidr_range": "192.168.0.0/24",
                "range_name": "services"
              }
            ],
            "self_link": "https://www.googleapis.com/compute/v1/projects/master-project-professor/regions/us-central1/subnetworks/royal-mint",
            "timeouts": null
          },
          "sensitive_attributes": [],
          "private": "eyJlMmJmYjczMC1lY2FhLTExZTYtOGY4OC0zNDM2M2JjN2M0YzAiOnsiY3JlYXRlIjozNjAwMDAwMDAwMDAsImRlbGV0ZSI6MzYwMDAwMDAwMDAwLCJ1cGRhdGUiOjM2MDAwMDAwMDAwMH19",
          "dependencies": [
            "module.vpc.data.google_compute_network.network",
            "module.vpc.google_compute_network.network"
          ]
        }
      ]
    }
  ]
}
